
Microsoft Visual Studio Solution File, Format Version 12.00
# Visual Studio Version 17
VisualStudioVersion = 17.14.36930.0 d17.14
MinimumVisualStudioVersion = 10.0.40219.1
Project("{FAE04EC0-301F-11D3-BF4B-00C04F79EFBC}") = "NetDiagTool.Console", "NetDiagTool.Console\NetDiagTool.Console.csproj", "{07D269D9-2E54-4F4C-A4BB-5B5594133344}"
EndProject
Project("{FAE04EC0-301F-11D3-BF4B-00C04F79EFBC}") = "NetDiagTool.Core", "NetDiagTool.Core\NetDiagTool.Core.csproj", "{4ACDB53A-42EF-41D5-BEC2-E7739C973F13}"
EndProject
Project("{FAE04EC0-301F-11D3-BF4B-00C04F79EFBC}") = "NetDiagTool.Infrastructure", "NetDiagTool.Infrastructure\NetDiagTool.Infrastructure.csproj", "{63E6A25E-E463-4EDC-9F8B-BF51F670A9A4}"
EndProject
Global
	GlobalSection(SolutionConfigurationPlatforms) = preSolution
		Debug|Any CPU = Debug|Any CPU
		Release|Any CPU = Release|Any CPU
	EndGlobalSection
	GlobalSection(ProjectConfigurationPlatforms) = postSolution
		{07D269D9-2E54-4F4C-A4BB-5B5594133344}.Debug|Any CPU.ActiveCfg = Debug|Any CPU
		{07D269D9-2E54-4F4C-A4BB-5B5594133344}.Debug|Any CPU.Build.0 = Debug|Any CPU
		{07D269D9-2E54-4F4C-A4BB-5B5594133344}.Release|Any CPU.ActiveCfg = Release|Any CPU
		{07D269D9-2E54-4F4C-A4BB-5B5594133344}.Release|Any CPU.Build.0 = Release|Any CPU
		{4ACDB53A-42EF-41D5-BEC2-E7739C973F13}.Debug|Any CPU.ActiveCfg = Debug|Any CPU
		{4ACDB53A-42EF-41D5-BEC2-E7739C973F13}.Debug|Any CPU.Build.0 = Debug|Any CPU
		{4ACDB53A-42EF-41D5-BEC2-E7739C973F13}.Release|Any CPU.ActiveCfg = Release|Any CPU
		{4ACDB53A-42EF-41D5-BEC2-E7739C973F13}.Release|Any CPU.Build.0 = Release|Any CPU
		{63E6A25E-E463-4EDC-9F8B-BF51F670A9A4}.Debug|Any CPU.ActiveCfg = Debug|Any CPU
		{63E6A25E-E463-4EDC-9F8B-BF51F670A9A4}.Debug|Any CPU.Build.0 = Debug|Any CPU
		{63E6A25E-E463-4EDC-9F8B-BF51F670A9A4}.Release|Any CPU.ActiveCfg = Release|Any CPU
		{63E6A25E-E463-4EDC-9F8B-BF51F670A9A4}.Release|Any CPU.Build.0 = Release|Any CPU
	EndGlobalSection
	GlobalSection(SolutionProperties) = preSolution
		HideSolutionNode = FALSE
	EndGlobalSection
	GlobalSection(ExtensibilityGlobals) = postSolution
		SolutionGuid = {0A748846-B0BF-49A9-BD5B-938015C2F7D4}
	EndGlobalSection
EndGlobal
